
Microsoft Visual Studio Solution File, Format Version 12.00
# Visual Studio Version 16
VisualStudioVersion = 16.0.31025.194
MinimumVisualStudioVersion = 10.0.40219.1
Project("{FAE04EC0-301F-11D3-BF4B-00C04F79EFBC}") = "homework3_1", "homework3_1\homework3_1.csproj", "{4DC60B3B-1EE2-49E6-BE6C-E77C5D1C5FDE}"
EndProject
Project("{FAE04EC0-301F-11D3-BF4B-00C04F79EFBC}") = "homework3_2", "homework3_2\homework3_2.csproj", "{0BD9D31C-15FA-40E5-8C78-D826E63BC4B0}"
EndProject
Global
	GlobalSection(SolutionConfigurationPlatforms) = preSolution
		Debug|Any CPU = Debug|Any CPU
		Release|Any CPU = Release|Any CPU
	EndGlobalSection
	GlobalSection(ProjectConfigurationPlatforms) = postSolution
		{4DC60B3B-1EE2-49E6-BE6C-E77C5D1C5FDE}.Debug|Any CPU.ActiveCfg = Debug|Any CPU
		{4DC60B3B-1EE2-49E6-BE6C-E77C5D1C5FDE}.Debug|Any CPU.Build.0 = Debug|Any CPU
		{4DC60B3B-1EE2-49E6-BE6C-E77C5D1C5FDE}.Release|Any CPU.ActiveCfg = Release|Any CPU
		{4DC60B3B-1EE2-49E6-BE6C-E77C5D1C5FDE}.Release|Any CPU.Build.0 = Release|Any CPU
		{0BD9D31C-15FA-40E5-8C78-D826E63BC4B0}.Debug|Any CPU.ActiveCfg = Debug|Any CPU
		{0BD9D31C-15FA-40E5-8C78-D826E63BC4B0}.Debug|Any CPU.Build.0 = Debug|Any CPU
		{0BD9D31C-15FA-40E5-8C78-D826E63BC4B0}.Release|Any CPU.ActiveCfg = Release|Any CPU
		{0BD9D31C-15FA-40E5-8C78-D826E63BC4B0}.Release|Any CPU.Build.0 = Release|Any CPU
	EndGlobalSection
	GlobalSection(SolutionProperties) = preSolution
		HideSolutionNode = FALSE
	EndGlobalSection
	GlobalSection(ExtensibilityGlobals) = postSolution
		SolutionGuid = {BE5F467A-A81F-40E8-9A57-A5EDE9FB128B}
	EndGlobalSection
EndGlobal
